Microsoft Visual Studio Solution File, Format Version 12.00
# Visual Studio Version 17
VisualStudioVersion = 17.13.35828.75
MinimumVisualStudioVersion = 10.0.40219.1
Project("{2150E333-8FDC-42A3-9474-1A3956D46DE8}") = "Instructo.Application", "Instructo.Application", "{02EA681E-C7D8-13C7-8484-4AC65E1B71E8}"
EndProject
Project("{2150E333-8FDC-42A3-9474-1A3956D46DE8}") = "Instructo.Domain", "Instructo.Domain", "{5C92CA88-D865-45DE-9600-9E96C1496C08}"
EndProject
Project("{2150E333-8FDC-42A3-9474-1A3956D46DE8}") = "Instructo.Infrastructure", "Instructo.Infrastructure", "{5F59C572-D61D-43D5-8C68-9A208FC687DF}"
EndProject
Project("{FAE04EC0-301F-11D3-BF4B-00C04F79EFBC}") = "Instructo.Domain", "src\Instructo.Domain\Instructo.Domain.csproj", "{1DE6F933-47DC-4252-AE8A-CB70C2F264CB}"
EndProject
Project("{2150E333-8FDC-42A3-9474-1A3956D46DE8}") = "Instructo.Api", "Instructo.Api", "{0AAB87F2-5B0C-4A55-B0F8-A9ACC0532C7B}"
EndProject
Project("{FAE04EC0-301F-11D3-BF4B-00C04F79EFBC}") = "Instructo.Api", "src\Instructo.Api\Instructo.Api.csproj", "{9619CC85-3288-4444-91A3-0119F23D4D1D}"
EndProject
Project("{FAE04EC0-301F-11D3-BF4B-00C04F79EFBC}") = "Instructo.UnitTests", "tests\Instructo.UnitTests\Instructo.UnitTests.csproj", "{D1D4EDB5-960B-48D5-A00E-8022CC392E79}"
EndProject
Project("{2150E333-8FDC-42A3-9474-1A3956D46DE8}") = "tests", "tests", "{F84B6034-04A9-4E0B-B9E4-5F1AD9997C7B}"
EndProject
Project("{2150E333-8FDC-42A3-9474-1A3956D46DE8}") = "src", "src", "{2F3EFB35-B59D-4C92-898F-AB49EE290FD4}"
EndProject
Project("{FAE04EC0-301F-11D3-BF4B-00C04F79EFBC}") = "Instructo.Application", "src\Instructo.Application\Instructo.Application.csproj", "{59DBA348-C0EF-7DD7-8989-67DF8FD05069}"
EndProject
Project("{FAE04EC0-301F-11D3-BF4B-00C04F79EFBC}") = "Instructo.Infrastructure", "src\Instructo.Infrastructure\Instructo.Infrastructure.csproj", "{98CCA405-1841-D04C-4C40-A0F2727F1249}"
EndProject
Project("{FAE04EC0-301F-11D3-BF4B-00C04F79EFBC}") = "Instructo.IntegrationTests", "tests\Instructo.IntegrationTests\Instructo.IntegrationTests.csproj", "{AC11F731-8D7B-2C40-6B13-C87CBA3AE4D7}"
EndProject
Project("{2150E333-8FDC-42A3-9474-1A3956D46DE8}") = "Instructo.Shared", "Instructo.Shared", "{4460966B-847D-44CC-AC74-C64D26F93335}"
EndProject
Project("{FAE04EC0-301F-11D3-BF4B-00C04F79EFBC}") = "Instructo.Shared", "src\Instructo.Shared\Instructo.Shared.csproj", "{4126D29C-A5BA-4F67-9499-29E0B86AAFA3}"
EndProject
Project("{FAE04EC0-301F-11D3-BF4B-00C04F79EFBC}") = "Instructo.Tests.Common", "Instructo.Tests.Common\Instructo.Tests.Common.csproj", "{6BC2A083-2DD2-4B17-8092-81425340843D}"
EndProject
Global
	GlobalSection(SolutionConfigurationPlatforms) = preSolution
		Debug|Any CPU = Debug|Any CPU
		Release|Any CPU = Release|Any CPU
	EndGlobalSection
	GlobalSection(ProjectConfigurationPlatforms) = postSolution
		{1DE6F933-47DC-4252-AE8A-CB70C2F264CB}.Debug|Any CPU.ActiveCfg = Debug|Any CPU
		{1DE6F933-47DC-4252-AE8A-CB70C2F264CB}.Debug|Any CPU.Build.0 = Debug|Any CPU
		{1DE6F933-47DC-4252-AE8A-CB70C2F264CB}.Release|Any CPU.ActiveCfg = Release|Any CPU
		{1DE6F933-47DC-4252-AE8A-CB70C2F264CB}.Release|Any CPU.Build.0 = Release|Any CPU
		{9619CC85-3288-4444-91A3-0119F23D4D1D}.Debug|Any CPU.ActiveCfg = Debug|Any CPU
		{9619CC85-3288-4444-91A3-0119F23D4D1D}.Debug|Any CPU.Build.0 = Debug|Any CPU
		{9619CC85-3288-4444-91A3-0119F23D4D1D}.Release|Any CPU.ActiveCfg = Release|Any CPU
		{9619CC85-3288-4444-91A3-0119F23D4D1D}.Release|Any CPU.Build.0 = Release|Any CPU
		{D1D4EDB5-960B-48D5-A00E-8022CC392E79}.Debug|Any CPU.ActiveCfg = Debug|Any CPU
		{D1D4EDB5-960B-48D5-A00E-8022CC392E79}.Debug|Any CPU.Build.0 = Debug|Any CPU
		{D1D4EDB5-960B-48D5-A00E-8022CC392E79}.Release|Any CPU.ActiveCfg = Release|Any CPU
		{D1D4EDB5-960B-48D5-A00E-8022CC392E79}.Release|Any CPU.Build.0 = Release|Any CPU
		{59DBA348-C0EF-7DD7-8989-67DF8FD05069}.Debug|Any CPU.ActiveCfg = Debug|Any CPU
		{59DBA348-C0EF-7DD7-8989-67DF8FD05069}.Debug|Any CPU.Build.0 = Debug|Any CPU
		{59DBA348-C0EF-7DD7-8989-67DF8FD05069}.Release|Any CPU.ActiveCfg = Release|Any CPU
		{59DBA348-C0EF-7DD7-8989-67DF8FD05069}.Release|Any CPU.Build.0 = Release|Any CPU
		{98CCA405-1841-D04C-4C40-A0F2727F1249}.Debug|Any CPU.ActiveCfg = Debug|Any CPU
		{98CCA405-1841-D04C-4C40-A0F2727F1249}.Debug|Any CPU.Build.0 = Debug|Any CPU
		{98CCA405-1841-D04C-4C40-A0F2727F1249}.Release|Any CPU.ActiveCfg = Release|Any CPU
		{98CCA405-1841-D04C-4C40-A0F2727F1249}.Release|Any CPU.Build.0 = Release|Any CPU
		{AC11F731-8D7B-2C40-6B13-C87CBA3AE4D7}.Debug|Any CPU.ActiveCfg = Debug|Any CPU
		{AC11F731-8D7B-2C40-6B13-C87CBA3AE4D7}.Debug|Any CPU.Build.0 = Debug|Any CPU
		{AC11F731-8D7B-2C40-6B13-C87CBA3AE4D7}.Release|Any CPU.ActiveCfg = Release|Any CPU
		{AC11F731-8D7B-2C40-6B13-C87CBA3AE4D7}.Release|Any CPU.Build.0 = Release|Any CPU
		{4126D29C-A5BA-4F67-9499-29E0B86AAFA3}.Debug|Any CPU.ActiveCfg = Debug|Any CPU
		{4126D29C-A5BA-4F67-9499-29E0B86AAFA3}.Debug|Any CPU.Build.0 = Debug|Any CPU
		{4126D29C-A5BA-4F67-9499-29E0B86AAFA3}.Release|Any CPU.ActiveCfg = Release|Any CPU
		{4126D29C-A5BA-4F67-9499-29E0B86AAFA3}.Release|Any CPU.Build.0 = Release|Any CPU
		{6BC2A083-2DD2-4B17-8092-81425340843D}.Debug|Any CPU.ActiveCfg = Debug|Any CPU
		{6BC2A083-2DD2-4B17-8092-81425340843D}.Debug|Any CPU.Build.0 = Debug|Any CPU
		{6BC2A083-2DD2-4B17-8092-81425340843D}.Release|Any CPU.ActiveCfg = Release|Any CPU
		{6BC2A083-2DD2-4B17-8092-81425340843D}.Release|Any CPU.Build.0 = Release|Any CPU
	EndGlobalSection
	GlobalSection(SolutionProperties) = preSolution
		HideSolutionNode = FALSE
	EndGlobalSection
	GlobalSection(NestedProjects) = preSolution
		{02EA681E-C7D8-13C7-8484-4AC65E1B71E8} = {2F3EFB35-B59D-4C92-898F-AB49EE290FD4}
		{5C92CA88-D865-45DE-9600-9E96C1496C08} = {2F3EFB35-B59D-4C92-898F-AB49EE290FD4}
		{5F59C572-D61D-43D5-8C68-9A208FC687DF} = {2F3EFB35-B59D-4C92-898F-AB49EE290FD4}
		{1DE6F933-47DC-4252-AE8A-CB70C2F264CB} = {5C92CA88-D865-45DE-9600-9E96C1496C08}
		{0AAB87F2-5B0C-4A55-B0F8-A9ACC0532C7B} = {2F3EFB35-B59D-4C92-898F-AB49EE290FD4}
		{9619CC85-3288-4444-91A3-0119F23D4D1D} = {0AAB87F2-5B0C-4A55-B0F8-A9ACC0532C7B}
		{D1D4EDB5-960B-48D5-A00E-8022CC392E79} = {F84B6034-04A9-4E0B-B9E4-5F1AD9997C7B}
		{59DBA348-C0EF-7DD7-8989-67DF8FD05069} = {02EA681E-C7D8-13C7-8484-4AC65E1B71E8}
		{98CCA405-1841-D04C-4C40-A0F2727F1249} = {5F59C572-D61D-43D5-8C68-9A208FC687DF}
		{AC11F731-8D7B-2C40-6B13-C87CBA3AE4D7} = {F84B6034-04A9-4E0B-B9E4-5F1AD9997C7B}
		{4460966B-847D-44CC-AC74-C64D26F93335} = {2F3EFB35-B59D-4C92-898F-AB49EE290FD4}
		{4126D29C-A5BA-4F67-9499-29E0B86AAFA3} = {4460966B-847D-44CC-AC74-C64D26F93335}
		{6BC2A083-2DD2-4B17-8092-81425340843D} = {F84B6034-04A9-4E0B-B9E4-5F1AD9997C7B}
	EndGlobalSection
	GlobalSection(ExtensibilityGlobals) = postSolution
		SolutionGuid = {23954A8C-9A62-41AD-BDBB-8AED6C8D5905}
	EndGlobalSection
EndGlobal
